
Microsoft Visual Studio Solution File, Format Version 12.00
# Visual Studio 15
VisualStudioVersion = 15.0.28307.539
MinimumVisualStudioVersion = 10.0.40219.1
Project("{888888A0-9F3D-457C-B088-3A5042F75D52}") = "GarbageDisposal", "GarbageDisposal\GarbageDisposal.pyproj", "{9482CCEC-D8A9-464D-9A06-8C3D89C630D8}"
EndProject
Global
	GlobalSection(SolutionConfigurationPlatforms) = preSolution
		Debug|Any CPU = Debug|Any CPU
		Release|Any CPU = Release|Any CPU
	EndGlobalSection
	GlobalSection(ProjectConfigurationPlatforms) = postSolution
		{9482CCEC-D8A9-464D-9A06-8C3D89C630D8}.Debug|Any CPU.ActiveCfg = Debug|Any CPU
		{9482CCEC-D8A9-464D-9A06-8C3D89C630D8}.Release|Any CPU.ActiveCfg = Release|Any CPU
	EndGlobalSection
	GlobalSection(SolutionProperties) = preSolution
		HideSolutionNode = FALSE
	EndGlobalSection
	GlobalSection(ExtensibilityGlobals) = postSolution
		SolutionGuid = {B8DD8800-A988-49E4-9665-0E7B2F34BBC3}
	EndGlobalSection
EndGlobal
