
Microsoft Visual Studio Solution File, Format Version 12.00
# Visual Studio 15
VisualStudioVersion = 15.0.27004.2002
MinimumVisualStudioVersion = 10.0.40219.1
Project("{FAE04EC0-301F-11D3-BF4B-00C04F79EFBC}") = "TSP_PEA", "TSP_PEA\TSP_PEA.csproj", "{9F6D502F-F91E-4E4B-975E-DF47B7A83A9C}"
EndProject
Global
	GlobalSection(SolutionConfigurationPlatforms) = preSolution
		Debug|Any CPU = Debug|Any CPU
		Release|Any CPU = Release|Any CPU
	EndGlobalSection
	GlobalSection(ProjectConfigurationPlatforms) = postSolution
		{9F6D502F-F91E-4E4B-975E-DF47B7A83A9C}.Debug|Any CPU.ActiveCfg = Debug|Any CPU
		{9F6D502F-F91E-4E4B-975E-DF47B7A83A9C}.Debug|Any CPU.Build.0 = Debug|Any CPU
		{9F6D502F-F91E-4E4B-975E-DF47B7A83A9C}.Release|Any CPU.ActiveCfg = Release|Any CPU
		{9F6D502F-F91E-4E4B-975E-DF47B7A83A9C}.Release|Any CPU.Build.0 = Release|Any CPU
	EndGlobalSection
	GlobalSection(SolutionProperties) = preSolution
		HideSolutionNode = FALSE
	EndGlobalSection
	GlobalSection(ExtensibilityGlobals) = postSolution
		SolutionGuid = {2F992FD7-64FA-4524-9D29-F2BEE7049EE0}
	EndGlobalSection
EndGlobal
