<?xml version="1.0" encoding="utf-8"?>
<Project ToolsVersion="4.0" xmlns="http://schemas.microsoft.com/developer/msbuild/2003">
  <ItemGroup>
    <Filter Include="Pliki źródłowe">
      <UniqueIdentifier>{4FC737F1-C7A5-4376-A066-2A32D752A2FF}</UniqueIdentifier>
      <Extensions>cpp;c;cc;cxx;def;odl;idl;hpj;bat;asm;asmx</Extensions>
    </Filter>
    <Filter Include="Pliki nagłówkowe">
      <UniqueIdentifier>{93995380-89BD-4b04-88EB-625FBE52EBFB}</UniqueIdentifier>
      <Extensions>h;hh;hpp;hxx;hm;inl;inc;ipp;xsd</Extensions>
    </Filter>
    <Filter Include="Pliki zasobów">
      <UniqueIdentifier>{67DA6AB6-F800-4c08-8B7A-83BB121AAD01}</UniqueIdentifier>
      <Extensions>rc;ico;cur;bmp;dlg;rc2;rct;bin;rgs;gif;jpg;jpeg;jpe;resx;tiff;tif;png;wav;mfcribbon-ms</Extensions>
    </Filter>
  </ItemGroup>
  <ItemGroup>
    <ClInclude Include="Graph.h">
      <Filter>Pliki nagłówkowe</Filter>
    </ClInclude>
    <ClInclude Include="menu.h">
      <Filter>Pliki nagłówkowe</Filter>
    </ClInclude>
    <ClInclude Include="SimAnnTSP.h">
      <Filter>Pliki nagłówkowe</Filter>
    </ClInclude>
  </ItemGroup>
  <ItemGroup>
    <ClCompile Include="Graph.cpp">
      <Filter>Pliki źródłowe</Filter>
    </ClCompile>
    <ClCompile Include="menu.cpp">
      <Filter>Pliki źródłowe</Filter>
    </ClCompile>
    <ClCompile Include="PeA_2.cpp">
      <Filter>Pliki źródłowe</Filter>
    </ClCompile>
    <ClCompile Include="SimAnnTSP.cpp">
      <Filter>Pliki źródłowe</Filter>
    </ClCompile>
  </ItemGroup>
  <ItemGroup>
    <Text Include="tsp_6_1.txt">
      <Filter>Pliki zasobów</Filter>
    </Text>
    <Text Include="tsp_6_2.txt">
      <Filter>Pliki zasobów</Filter>
    </Text>
    <Text Include="tsp_10.txt">
      <Filter>Pliki zasobów</Filter>
    </Text>
    <Text Include="tsp_12.txt">
      <Filter>Pliki zasobów</Filter>
    </Text>
    <Text Include="tsp_13.txt">
      <Filter>Pliki zasobów</Filter>
    </Text>
    <Text Include="tsp_14.txt">
      <Filter>Pliki zasobów</Filter>
    </Text>
    <Text Include="tsp_15.txt">
      <Filter>Pliki zasobów</Filter>
    </Text>
    <Text Include="tsp_17.txt">
      <Filter>Pliki zasobów</Filter>
    </Text>
    <Text Include="tsp_21.txt">
      <Filter>Pliki zasobów</Filter>
    </Text>
    <Text Include="tsp_39.txt">
      <Filter>Pliki zasobów</Filter>
    </Text>
    <Text Include="tsp_43.txt">
      <Filter>Pliki zasobów</Filter>
    </Text>
    <Text Include="tsp_48.txt">
      <Filter>Pliki zasobów</Filter>
    </Text>
    <Text Include="tsp_71.txt">
      <Filter>Pliki zasobów</Filter>
    </Text>
    <Text Include="tsp_171.txt">
      <Filter>Pliki zasobów</Filter>
    </Text>
    <Text Include="tsp_358.txt">
      <Filter>Pliki zasobów</Filter>
    </Text>
    <Text Include="tsp_403.txt">
      <Filter>Pliki zasobów</Filter>
    </Text>
  </ItemGroup>
</Project>